
Microsoft Visual Studio Solution File, Format Version 12.00
# Visual Studio Version 16
VisualStudioVersion = 16.0.33423.256
MinimumVisualStudioVersion = 10.0.40219.1
Project("{E24C65DC-7377-472B-9ABA-BC803B73C61A}") = "MyShop1.web", ".", "{77380774-923D-4EE7-805F-AF66F09ABC6E}"
	ProjectSection(WebsiteProperties) = preProject
		TargetFrameworkMoniker = ".NETFramework,Version%3Dv4.8"
		ProjectReferences = "{418df501-4837-467e-9f87-6881d13bbb68}|MyShop.BLL.dll;{22201f52-e111-4545-adea-48ab71a79460}|MyShop1.DAL.dll;"
		Debug.AspNetCompiler.VirtualPath = "/localhost_52660"
		Debug.AspNetCompiler.PhysicalPath = "..\MyShop1.web\"
		Debug.AspNetCompiler.TargetPath = "PrecompiledWeb\localhost_52660\"
		Debug.AspNetCompiler.Updateable = "true"
		Debug.AspNetCompiler.ForceOverwrite = "true"
		Debug.AspNetCompiler.FixedNames = "false"
		Debug.AspNetCompiler.Debug = "True"
		Release.AspNetCompiler.VirtualPath = "/localhost_52660"
		Release.AspNetCompiler.PhysicalPath = "..\MyShop1.web\"
		Release.AspNetCompiler.TargetPath = "PrecompiledWeb\localhost_52660\"
		Release.AspNetCompiler.Updateable = "true"
		Release.AspNetCompiler.ForceOverwrite = "true"
		Release.AspNetCompiler.FixedNames = "false"
		Release.AspNetCompiler.Debug = "False"
		VWDPort = "52660"
		SlnRelativePath = "..\MyShop1.web\"
		DefaultWebSiteLanguage = "Visual C#"
	EndProjectSection
EndProject
Project("{FAE04EC0-301F-11D3-BF4B-00C04F79EFBC}") = "MyShop1.BLL", "..\MyShop.BLL\MyShop1.BLL.csproj", "{418DF501-4837-467E-9F87-6881D13BBB68}"
EndProject
Project("{FAE04EC0-301F-11D3-BF4B-00C04F79EFBC}") = "MyShop1.DAL", "..\MyShop1.DAL\MyShop1.DAL.csproj", "{22201F52-E111-4545-ADEA-48AB71A79460}"
EndProject
Global
	GlobalSection(SolutionConfigurationPlatforms) = preSolution
		Debug|Any CPU = Debug|Any CPU
		Release|Any CPU = Release|Any CPU
	EndGlobalSection
	GlobalSection(ProjectConfigurationPlatforms) = postSolution
		{77380774-923D-4EE7-805F-AF66F09ABC6E}.Debug|Any CPU.ActiveCfg = Debug|Any CPU
		{77380774-923D-4EE7-805F-AF66F09ABC6E}.Debug|Any CPU.Build.0 = Debug|Any CPU
		{77380774-923D-4EE7-805F-AF66F09ABC6E}.Release|Any CPU.ActiveCfg = Debug|Any CPU
		{77380774-923D-4EE7-805F-AF66F09ABC6E}.Release|Any CPU.Build.0 = Debug|Any CPU
		{418DF501-4837-467E-9F87-6881D13BBB68}.Debug|Any CPU.ActiveCfg = Debug|Any CPU
		{418DF501-4837-467E-9F87-6881D13BBB68}.Debug|Any CPU.Build.0 = Debug|Any CPU
		{418DF501-4837-467E-9F87-6881D13BBB68}.Release|Any CPU.ActiveCfg = Release|Any CPU
		{418DF501-4837-467E-9F87-6881D13BBB68}.Release|Any CPU.Build.0 = Release|Any CPU
		{22201F52-E111-4545-ADEA-48AB71A79460}.Debug|Any CPU.ActiveCfg = Debug|Any CPU
		{22201F52-E111-4545-ADEA-48AB71A79460}.Debug|Any CPU.Build.0 = Debug|Any CPU
		{22201F52-E111-4545-ADEA-48AB71A79460}.Release|Any CPU.ActiveCfg = Release|Any CPU
		{22201F52-E111-4545-ADEA-48AB71A79460}.Release|Any CPU.Build.0 = Release|Any CPU
	EndGlobalSection
	GlobalSection(SolutionProperties) = preSolution
		HideSolutionNode = FALSE
	EndGlobalSection
	GlobalSection(ExtensibilityGlobals) = postSolution
		SolutionGuid = {196E4E67-7E8B-4923-BE3B-4B33EBE7881D}
	EndGlobalSection
EndGlobal
